{
	"message": "accurate",
	"cod": "200",
	"count": 50,
	"list": [
		{
			"id": 3893859,
			"name": "Tresor",
			"coord": {
				"lat": 17,
				"lon": -100.2
			},
			"tresor": [
				{
					"id": 799,
					"icon": "https://cdn.icon-icons.com/icons2/1320/PNG/512/-treasure_86876.png"
				}
			]
		},
		{
			"id": 3893859,
			"name": "Tresor",
			"coord": {
				"lat": 17,
				"lon": -75.2
			},
			"tresor": [
				{
					"id": 799,
					"icon": "https://cdn.icon-icons.com/icons2/1320/PNG/512/-treasure_86876.png"
				}
			]
		},
		{
			"id": 323859,
			"name": "Tresor",
			"coord": {
				"lat": 3,
				"lon": -55.2
			},
			"tresor": [
				{
					"id": 799,
					"icon": "https://cdn.icon-icons.com/icons2/1320/PNG/512/-treasure_86876.png"
				}
			]
		},
		{
			"id": 36223859,
			"name": "Tresor",
			"coord": {
				"lat": 5,
				"lon": -80.2
			},
			"tresor": [
				{
					"id": 799,
					"icon": "https://cdn.icon-icons.com/icons2/1320/PNG/512/-treasure_86876.png"
				}
			]
		},
		{
			"id": 3622389,
			"name": "Tresor",
			"coord": {
				"lat": 8.04,
				"lon": -80.35
			},
			"tresor": [
				{
					"id": 799,
					"icon": "https://cdn.icon-icons.com/icons2/1320/PNG/512/-treasure_86876.png"
				}
			]
		},
		{
			"coord": {
				"lat": 7.96,
				"lon": -80.17
			},
			"weather": [
				{
					"id": 802,
					"main": "Tresor",
					"description": "big tresor",
					"icon": "https://cdn.icon-icons.com/icons2/1320/PNG/512/-treasure_86876.png"
				}
			]
		},
		{
			"coord": {
				"lat": 7.93,
				"lon": -80.03
			},
			"weather": [
				{
					"id": 802,
					"main": "Clouds",
					"description": "scattered clouds",
					"icon": "03d"
				}
			]
		},
		{
			"coord": {
				"lat": 8.27,
				"lon": -79.9
			},
			"weather": [
				{
					"id": 802,
					"main": "Clouds",
					"description": "scattered clouds",
					"icon": "03d"
				}
			]
		},
		{
			"coord": {
				"lat": 8.22,
				"lon": -80.22
			},
			"weather": [
				{
					"id": 802,
					"main": "Clouds",
					"description": "scattered clouds",
					"icon": "03d"
				}
			]
		},
		{
			"coord": {
				"lat": 13.84,
				"lon": -83.57
			},
			"weather": [
				{
					"id": 802,
					"main": "Clouds",
					"description": "scattered clouds",
					"icon": "03d"
				}
			]
		},
		{
			"coord": {
				"lat": 6.43,
				"lon": -79.34
			},
			"weather": [
				{
					"id": 803,
					"main": "Clouds",
					"description": "broken clouds",
					"icon": "04d"
				}
			]
		},
		{
			"coord": {
				"lat": 9.81,
				"lon": -78.33
			},
			"weather": [
				{
					"id": 804,
					"main": "Clouds",
					"description": "overcast clouds",
					"icon": "04d"
				}
			]
		},
		{
			"coord": {
				"lat": 8.76,
				"lon": -87.76
			},
			"weather": [
				{
					"id": 800,
					"main": "Clear",
					"description": "clear sky",
					"icon": "01d"
				}
			]
		},
		{
			"coord": {
				"lat": 9.81,
				"lon": -90.65
			},
			"weather": [
				{
					"id": 800,
					"main": "Clear",
					"description": "clear sky",
					"icon": "01d"
				}
			]
		},
		{
			"coord": {
				"lat": 10.08,
				"lon": -82.27
			},
			"weather": [
				{
					"id": 802,
					"main": "Clouds",
					"description": "scattered clouds",
					"icon": "03d"
				}
			]
		},
		{
			"coord": {
				"lat": 10.53,
				"lon": -82.77
			},
			"weather": [
				{
					"id": 802,
					"main": "Clouds",
					"description": "scattered clouds",
					"icon": "03d"
				}
			]
		},
		{
			"coord": {
				"lat": 10.04,
				"lon": -80.06
			},
			"weather": [
				{
					"id": 804,
					"main": "Clouds",
					"description": "broken clouds",
					"icon": "04d"
				}
			]
		},
		{
			"coord": {
				"lat": 14.77,
				"lon": -79.77
			},
			"weather": [
				{
					"id": 803,
					"main": "Clouds",
					"description": "broken clouds",
					"icon": "04d"
				}
			]
		},
		{
			"coord": {
				"lat": 14.78,
				"lon": -80.17
			},
			"weather": [
				{
					"id": 803,
					"main": "Clouds",
					"description": "broken clouds",
					"icon": "04d"
				}
			]
		},
		{
			"coord": {
				"lat": 14.72,
				"lon": -80.28
			},
			"weather": [
				{
					"id": 803,
					"main": "Clouds",
					"description": "broken clouds",
					"icon": "04d"
				}
			]
		},
		{
			"coord": {
				"lat": 14.76,
				"lon": -80.34
			},
			"weather": [
				{
					"id": 803,
					"main": "Clouds",
					"description": "broken clouds",
					"icon": "04d"
				}
			]
		},
		{
			"coord": {
				"lat": 14.81,
				"lon": -79.93
			},
			"weather": [
				{
					"id": 500,
					"main": "Rain",
					"description": "light rain",
					"icon": "10d"
				}
			]
		},
		{
			"coord": {
				"lat": 14.86,
				"lon": -80.22
			},
			"weather": [
				{
					"id": 804,
					"main": "Clouds",
					"description": "overcast clouds",
					"icon": "04d"
				}
			]
		},
		{
			"id": 3621498,
			"name": "Sarapiquí",
			"coord": {
				"lat": 10.48,
				"lon": -84.02
			},
			"main": {
				"temp": 291.57,
				"feels_like": 292.73,
				"temp_min": 291.15,
				"temp_max": 292.15,
				"pressure": 1016,
				"humidity": 100
			},
			"dt": 1605791286,
			"wind": {
				"speed": 2.6,
				"deg": 40
			},
			"sys": {
				"country": "CR"
			},
			"rain": null,
			"snow": null,
			"clouds": {
				"all": 0
			},
			"weather": [
				{
					"id": 800,
					"main": "Clear",
					"description": "clear sky",
					"icon": "01d"
				}
			]
		},
		{
			"id": 3623484,
			"name": "Provincia de Heredia",
			"coord": {
				"lat": 10.33,
				"lon": -84
			},
			"main": {
				"temp": 291.59,
				"feels_like": 292.75,
				"temp_min": 291.15,
				"temp_max": 292.15,
				"pressure": 1016,
				"humidity": 100
			},
			"dt": 1605791286,
			"wind": {
				"speed": 2.6,
				"deg": 40
			},
			"sys": {
				"country": "CR"
			},
			"rain": null,
			"snow": null,
			"clouds": {
				"all": 0
			},
			"weather": [
				{
					"id": 800,
					"main": "Clear",
					"description": "clear sky",
					"icon": "01d"
				}
			]
		},
		{
			"id": 3622382,
			"name": "Pital",
			"coord": {
				"lat": 10.45,
				"lon": -84.27
			},
			"main": {
				"temp": 291.56,
				"feels_like": 292.71,
				"temp_min": 291.15,
				"temp_max": 292.15,
				"pressure": 1016,
				"humidity": 100
			},
			"dt": 1605791286,
			"wind": {
				"speed": 2.6,
				"deg": 40
			},
			"sys": {
				"country": "CR"
			},
			"rain": null,
			"snow": null,
			"clouds": {
				"all": 0
			},
			"weather": [
				{
					"id": 800,
					"main": "Clear",
					"description": "clear sky",
					"icon": "01d"
				}
			]
		},
		{
			"id": 3622074,
			"name": "Río Segundo",
			"coord": {
				"lat": 10.24,
				"lon": -84.28
			},
			"main": {
				"temp": 291.59,
				"feels_like": 292.75,
				"temp_min": 291.15,
				"temp_max": 292.15,
				"pressure": 1016,
				"humidity": 100
			},
			"dt": 1605791286,
			"wind": {
				"speed": 2.6,
				"deg": 40
			},
			"sys": {
				"country": "CR"
			},
			"rain": null,
			"snow": null,
			"clouds": {
				"all": 0
			},
			"weather": [
				{
					"id": 800,
					"main": "Clear",
					"description": "clear sky",
					"icon": "01d"
				}
			]
		},
		{
			"id": 3624208,
			"name": "Cinco Esquinas",
			"coord": {
				"lat": 10.1,
				"lon": -84.17
			},
			"main": {
				"temp": 291.57,
				"feels_like": 292.73,
				"temp_min": 291.15,
				"temp_max": 292.15,
				"pressure": 1016,
				"humidity": 100
			},
			"dt": 1605791286,
			"wind": {
				"speed": 2.6,
				"deg": 40
			},
			"sys": {
				"country": "CR"
			},
			"rain": null,
			"snow": null,
			"clouds": {
				"all": 0
			},
			"weather": [
				{
					"id": 800,
					"main": "Clear",
					"description": "clear sky",
					"icon": "01d"
				}
			]
		},
		{
			"id": 3623877,
			"name": "Dulce Nombre",
			"coord": {
				"lat": 10.11,
				"lon": -84.19
			},
			"main": {
				"temp": 291.57,
				"feels_like": 292.73,
				"temp_min": 291.15,
				"temp_max": 292.15,
				"pressure": 1016,
				"humidity": 100
			},
			"dt": 1605791286,
			"wind": {
				"speed": 2.6,
				"deg": 40
			},
			"sys": {
				"country": "CR"
			},
			"rain": null,
			"snow": null,
			"clouds": {
				"all": 0
			},
			"weather": [
				{
					"id": 800,
					"main": "Clear",
					"description": "clear sky",
					"icon": "01d"
				}
			]
		},
		{
			"id": 3622190,
			"name": "Quesada",
			"coord": {
				"lat": 10.32,
				"lon": -84.43
			},
			"main": {
				"temp": 291.58,
				"feels_like": 292.74,
				"temp_min": 291.15,
				"temp_max": 292.15,
				"pressure": 1016,
				"humidity": 100
			},
			"dt": 1605791363,
			"wind": {
				"speed": 2.6,
				"deg": 40
			},
			"sys": {
				"country": "CR"
			},
			"rain": null,
			"snow": null,
			"clouds": {
				"all": 0
			},
			"weather": [
				{
					"id": 800,
					"main": "Clear",
					"description": "clear sky",
					"icon": "01d"
				}
			]
		},
		{
			"id": 3621515,
			"name": "Santo Domingo",
			"coord": {
				"lat": 10.06,
				"lon": -84.16
			},
			"main": {
				"temp": 291.8,
				"feels_like": 293.06,
				"temp_min": 291.15,
				"temp_max": 292.59,
				"pressure": 1016,
				"humidity": 100
			},
			"dt": 1605791595,
			"wind": {
				"speed": 2.6,
				"deg": 40
			},
			"sys": {
				"country": "CR"
			},
			"rain": null,
			"snow": null,
			"clouds": {
				"all": 0
			},
			"weather": [
				{
					"id": 800,
					"main": "Clear",
					"description": "clear sky",
					"icon": "01d"
				}
			]
		},
		{
			"id": 3621678,
			"name": "San Rafael",
			"coord": {
				"lat": 10.09,
				"lon": -84.26
			},
			"main": {
				"temp": 291.57,
				"feels_like": 292.73,
				"temp_min": 291.15,
				"temp_max": 292.15,
				"pressure": 1016,
				"humidity": 100
			},
			"dt": 1605791595,
			"wind": {
				"speed": 2.6,
				"deg": 40
			},
			"sys": {
				"country": "CR"
			},
			"rain": null,
			"snow": null,
			"clouds": {
				"all": 0
			},
			"weather": [
				{
					"id": 800,
					"main": "Clear",
					"description": "clear sky",
					"icon": "01d"
				}
			]
		},
		{
			"id": 3622022,
			"name": "Sabanilla",
			"coord": {
				"lat": 10.07,
				"lon": -84.22
			},
			"main": {
				"temp": 291.56,
				"feels_like": 292.71,
				"temp_min": 291.15,
				"temp_max": 292.15,
				"pressure": 1016,
				"humidity": 100
			},
			"dt": 1605791595,
			"wind": {
				"speed": 2.6,
				"deg": 40
			},
			"sys": {
				"country": "CR"
			},
			"rain": null,
			"snow": null,
			"clouds": {
				"all": 0
			},
			"weather": [
				{
					"id": 800,
					"main": "Clear",
					"description": "clear sky",
					"icon": "01d"
				}
			]
		},
		{
			"id": 3620994,
			"name": "Zarcero",
			"coord": {
				"lat": 10.19,
				"lon": -84.39
			},
			"main": {
				"temp": 291.59,
				"feels_like": 292.75,
				"temp_min": 291.15,
				"temp_max": 292.15,
				"pressure": 1016,
				"humidity": 100
			},
			"dt": 1605791595,
			"wind": {
				"speed": 2.6,
				"deg": 40
			},
			"sys": {
				"country": "CR"
			},
			"rain": null,
			"snow": null,
			"clouds": {
				"all": 0
			},
			"weather": [
				{
					"id": 800,
					"main": "Clear",
					"description": "clear sky",
					"icon": "01d"
				}
			]
		},
		{
			"id": 3623580,
			"name": "Guápiles",
			"coord": {
				"lat": 10.22,
				"lon": -83.79
			},
			"main": {
				"temp": 292.07,
				"feels_like": 292.5,
				"temp_min": 291.48,
				"temp_max": 292.59,
				"pressure": 1017,
				"humidity": 82
			},
			"dt": 1605791363,
			"wind": {
				"speed": 2.1,
				"deg": 130
			},
			"sys": {
				"country": "CR"
			},
			"rain": null,
			"snow": null,
			"clouds": {
				"all": 0
			},
			"weather": [
				{
					"id": 800,
					"main": "Clear",
					"description": "clear sky",
					"icon": "01d"
				}
			]
		},
		{
			"id": 3623206,
			"name": "Lajas",
			"coord": {
				"lat": 10.25,
				"lon": -84.43
			},
			"main": {
				"temp": 291.59,
				"feels_like": 292.75,
				"temp_min": 291.15,
				"temp_max": 292.15,
				"pressure": 1016,
				"humidity": 100
			},
			"dt": 1605791595,
			"wind": {
				"speed": 2.6,
				"deg": 40
			},
			"sys": {
				"country": "CR"
			},
			"rain": null,
			"snow": null,
			"clouds": {
				"all": 0
			},
			"weather": [
				{
					"id": 800,
					"main": "Clear",
					"description": "clear sky",
					"icon": "01d"
				}
			]
		},
		{
			"id": 3622036,
			"name": "Roxana",
			"coord": {
				"lat": 10.28,
				"lon": -83.75
			},
			"main": {
				"temp": 292.06,
				"feels_like": 292.49,
				"temp_min": 291.48,
				"temp_max": 292.59,
				"pressure": 1017,
				"humidity": 82
			},
			"dt": 1605791595,
			"wind": {
				"speed": 2.1,
				"deg": 130
			},
			"sys": {
				"country": "CR"
			},
			"rain": null,
			"snow": null,
			"clouds": {
				"all": 0
			},
			"weather": [
				{
					"id": 800,
					"main": "Clear",
					"description": "clear sky",
					"icon": "01d"
				}
			]
		},
		{
			"id": 3621768,
			"name": "San Luis",
			"coord": {
				"lat": 10.18,
				"lon": -84.4
			},
			"main": {
				"temp": 291.59,
				"feels_like": 292.75,
				"temp_min": 291.15,
				"temp_max": 292.15,
				"pressure": 1016,
				"humidity": 100
			},
			"dt": 1605791595,
			"wind": {
				"speed": 2.6,
				"deg": 40
			},
			"sys": {
				"country": "CR"
			},
			"rain": null,
			"snow": null,
			"clouds": {
				"all": 0
			},
			"weather": [
				{
					"id": 800,
					"main": "Clear",
					"description": "clear sky",
					"icon": "01d"
				}
			]
		},
		{
			"id": 3621817,
			"name": "San Juan",
			"coord": {
				"lat": 10.1,
				"lon": -84.32
			},
			"main": {
				"temp": 291.58,
				"feels_like": 292.74,
				"temp_min": 291.15,
				"temp_max": 292.15,
				"pressure": 1016,
				"humidity": 100
			},
			"dt": 1605791595,
			"wind": {
				"speed": 2.6,
				"deg": 40
			},
			"sys": {
				"country": "CR"
			},
			"rain": null,
			"snow": null,
			"clouds": {
				"all": 0
			},
			"weather": [
				{
					"id": 800,
					"main": "Clear",
					"description": "clear sky",
					"icon": "01d"
				}
			]
		},
		{
			"id": 3621831,
			"name": "San Josecito",
			"coord": {
				"lat": 10.02,
				"lon": -84.1
			},
			"main": {
				"temp": 291.84,
				"feels_like": 292.19,
				"temp_min": 291.15,
				"temp_max": 292.59,
				"pressure": 1017,
				"humidity": 82
			},
			"dt": 1605791595,
			"wind": {
				"speed": 2.1,
				"deg": 130
			},
			"sys": {
				"country": "CR"
			},
			"rain": null,
			"snow": null,
			"clouds": {
				"all": 0
			},
			"weather": [
				{
					"id": 800,
					"main": "Clear",
					"description": "clear sky",
					"icon": "01d"
				}
			]
		},
		{
			"id": 3621832,
			"name": "San Josecito",
			"coord": {
				"lat": 10.02,
				"lon": -84.04
			},
			"main": {
				"temp": 291.87,
				"feels_like": 292.23,
				"temp_min": 291.15,
				"temp_max": 292.59,
				"pressure": 1017,
				"humidity": 82
			},
			"dt": 1605791595,
			"wind": {
				"speed": 2.1,
				"deg": 130
			},
			"sys": {
				"country": "CR"
			},
			"rain": null,
			"snow": null,
			"clouds": {
				"all": 0
			},
			"weather": [
				{
					"id": 800,
					"main": "Clear",
					"description": "clear sky",
					"icon": "01d"
				}
			]
		},
		{
			"id": 3621683,
			"name": "San Rafael",
			"coord": {
				"lat": 10.01,
				"lon": -84.1
			},
			"main": {
				"temp": 291.85,
				"feels_like": 292.2,
				"temp_min": 291.15,
				"temp_max": 292.59,
				"pressure": 1017,
				"humidity": 82
			},
			"dt": 1605791595,
			"wind": {
				"speed": 2.1,
				"deg": 130
			},
			"sys": {
				"country": "CR"
			},
			"rain": null,
			"snow": null,
			"clouds": {
				"all": 0
			},
			"weather": [
				{
					"id": 800,
					"main": "Clear",
					"description": "clear sky",
					"icon": "01d"
				}
			]
		},
		{
			"id": 3622881,
			"name": "Mercedes",
			"coord": {
				"lat": 10.01,
				"lon": -84.13
			},
			"main": {
				"temp": 291.83,
				"feels_like": 292.17,
				"temp_min": 291.15,
				"temp_max": 292.59,
				"pressure": 1017,
				"humidity": 82
			},
			"dt": 1605791363,
			"wind": {
				"speed": 2.1,
				"deg": 130
			},
			"sys": {
				"country": "CR"
			},
			"rain": null,
			"snow": null,
			"clouds": {
				"all": 0
			},
			"weather": [
				{
					"id": 800,
					"main": "Clear",
					"description": "clear sky",
					"icon": "01d"
				}
			]
		},
		{
			"id": 3624955,
			"name": "Alajuela",
			"coord": {
				"lat": 10.02,
				"lon": -84.22
			},
			"main": {
				"temp": 291.77,
				"feels_like": 293.01,
				"temp_min": 291.15,
				"temp_max": 292.59,
				"pressure": 1016,
				"humidity": 100
			},
			"dt": 1605791363,
			"wind": {
				"speed": 2.6,
				"deg": 40
			},
			"sys": {
				"country": "CR"
			},
			"rain": null,
			"snow": null,
			"clouds": {
				"all": 0
			},
			"weather": [
				{
					"id": 800,
					"main": "Clear",
					"description": "clear sky",
					"icon": "01d"
				}
			]
		},
		{
			"id": 3623486,
			"name": "Heredia",
			"coord": {
				"lat": 10,
				"lon": -84.12
			},
			"main": {
				"temp": 291.84,
				"feels_like": 292.19,
				"temp_min": 291.15,
				"temp_max": 292.59,
				"pressure": 1017,
				"humidity": 82
			},
			"dt": 1605791363,
			"wind": {
				"speed": 2.1,
				"deg": 130
			},
			"sys": {
				"country": "CR"
			},
			"rain": null,
			"snow": null,
			"clouds": {
				"all": 0
			},
			"weather": [
				{
					"id": 800,
					"main": "Clear",
					"description": "clear sky",
					"icon": "01d"
				}
			]
		},
		{
			"id": 3623342,
			"name": "Jiménez",
			"coord": {
				"lat": 10.21,
				"lon": -83.74
			},
			"main": {
				"temp": 292.07,
				"feels_like": 292.5,
				"temp_min": 291.48,
				"temp_max": 292.59,
				"pressure": 1017,
				"humidity": 82
			},
			"dt": 1605791595,
			"wind": {
				"speed": 2.1,
				"deg": 130
			},
			"sys": {
				"country": "CR"
			},
			"rain": null,
			"snow": null,
			"clouds": {
				"all": 0
			},
			"weather": [
				{
					"id": 800,
					"main": "Clear",
					"description": "clear sky",
					"icon": "01d"
				}
			]
		},
		{
			"id": 3621729,
			"name": "San Pablo",
			"coord": {
				"lat": 10,
				"lon": -84.1
			},
			"main": {
				"temp": 291.86,
				"feels_like": 292.22,
				"temp_min": 291.15,
				"temp_max": 292.59,
				"pressure": 1017,
				"humidity": 82
			},
			"dt": 1605791363,
			"wind": {
				"speed": 2.1,
				"deg": 130
			},
			"sys": {
				"country": "CR"
			},
			"rain": null,
			"snow": null,
			"clouds": {
				"all": 0
			},
			"weather": [
				{
					"id": 800,
					"main": "Clear",
					"description": "clear sky",
					"icon": "01d"
				}
			]
		},
		{
			"id": 3623032,
			"name": "Llorente",
			"coord": {
				"lat": 10,
				"lon": -84.15
			},
			"main": {
				"temp": 291.82,
				"feels_like": 292.16,
				"temp_min": 291.15,
				"temp_max": 292.59,
				"pressure": 1017,
				"humidity": 82
			},
			"dt": 1605791286,
			"wind": {
				"speed": 2.1,
				"deg": 130
			},
			"sys": {
				"country": "CR"
			},
			"rain": null,
			"snow": null,
			"clouds": {
				"all": 0
			},
			"weather": [
				{
					"id": 800,
					"main": "Clear",
					"description": "clear sky",
					"icon": "01d"
				}
			]
		},
		{
			"id": 3624953,
			"name": "Provincia de Alajuela",
			"coord": {
				"lat": 10.5,
				"lon": -84.5
			},
			"main": {
				"temp": 291.32,
				"feels_like": 292.37,
				"temp_min": 291.15,
				"temp_max": 291.48,
				"pressure": 1016,
				"humidity": 100
			},
			"dt": 1605791286,
			"wind": {
				"speed": 2.6,
				"deg": 40
			},
			"sys": {
				"country": "CR"
			},
			"rain": null,
			"snow": null,
			"clouds": {
				"all": 0
			},
			"weather": [
				{
					"id": 800,
					"main": "Clear",
					"description": "clear sky",
					"icon": "01d"
				}
			]
		},
		{
			"id": 3624908,
			"name": "Ángeles",
			"coord": {
				"lat": 10,
				"lon": -84.05
			},
			"main": {
				"temp": 291.88,
				"feels_like": 292.24,
				"temp_min": 291.15,
				"temp_max": 292.59,
				"pressure": 1017,
				"humidity": 82
			},
			"dt": 1605791595,
			"wind": {
				"speed": 2.1,
				"deg": 130
			},
			"sys": {
				"country": "CR"
			},
			"rain": null,
			"snow": null,
			"clouds": {
				"all": 0
			},
			"weather": [
				{
					"id": 800,
					"main": "Clear",
					"description": "clear sky",
					"icon": "01d"
				}
			]
		},
		{
			"id": 3622751,
			"name": "Naranjo",
			"coord": {
				"lat": 10.1,
				"lon": -84.38
			},
			"main": {
				"temp": 291.58,
				"feels_like": 292.74,
				"temp_min": 291.15,
				"temp_max": 292.15,
				"pressure": 1016,
				"humidity": 100
			},
			"dt": 1605791286,
			"wind": {
				"speed": 2.6,
				"deg": 40
			},
			"sys": {
				"country": "CR"
			},
			"rain": null,
			"snow": null,
			"clouds": {
				"all": 0
			},
			"weather": [
				{
					"id": 800,
					"main": "Clear",
					"description": "clear sky",
					"icon": "01d"
				}
			]
		},
		{
			"id": 3621911,
			"name": "San Francisco",
			"coord": {
				"lat": 9.99,
				"lon": -84.13
			},
			"main": {
				"temp": 291.85,
				"feels_like": 292.2,
				"temp_min": 291.15,
				"temp_max": 292.59,
				"pressure": 1017,
				"humidity": 82
			},
			"dt": 1605791363,
			"wind": {
				"speed": 2.1,
				"deg": 130
			},
			"sys": {
				"country": "CR"
			},
			"rain": null,
			"snow": null,
			"clouds": {
				"all": 0
			},
			"weather": [
				{
					"id": 800,
					"main": "Clear",
					"description": "clear sky",
					"icon": "01d"
				}
			]
		},
		{
			"id": 3624379,
			"name": "Carrillos",
			"coord": {
				"lat": 10.03,
				"lon": -84.27
			},
			"main": {
				"temp": 291.56,
				"feels_like": 292.71,
				"temp_min": 291.15,
				"temp_max": 292.15,
				"pressure": 1016,
				"humidity": 100
			},
			"dt": 1605791286,
			"wind": {
				"speed": 2.6,
				"deg": 40
			},
			"sys": {
				"country": "CR"
			},
			"rain": null,
			"snow": null,
			"clouds": {
				"all": 0
			},
			"weather": [
				{
					"id": 800,
					"main": "Clear",
					"description": "clear sky",
					"icon": "01d"
				}
			]
		},
		{
			"id": 3624060,
			"name": "Costa Rica",
			"coord": {
				"lat": 10,
				"lon": -84
			},
			"main": {
				"temp": 292.08,
				"feels_like": 292.52,
				"temp_min": 291.48,
				"temp_max": 292.59,
				"pressure": 1017,
				"humidity": 82
			},
			"dt": 1605791595,
			"wind": {
				"speed": 2.1,
				"deg": 130
			},
			"sys": {
				"country": "CR"
			},
			"rain": null,
			"snow": null,
			"clouds": {
				"all": 0
			},
			"weather": [
				{
					"id": 800,
					"main": "Clear",
					"description": "clear sky",
					"icon": "01d"
				}
			]
		},
		{
			"id": 3621375,
			"name": "Tacares",
			"coord": {
				"lat": 10.03,
				"lon": -84.29
			},
			"main": {
				"temp": 291.56,
				"feels_like": 292.71,
				"temp_min": 291.15,
				"temp_max": 292.15,
				"pressure": 1016,
				"humidity": 100
			},
			"dt": 1605791595,
			"wind": {
				"speed": 2.6,
				"deg": 40
			},
			"sys": {
				"country": "CR"
			},
			"rain": null,
			"snow": null,
			"clouds": {
				"all": 0
			},
			"weather": [
				{
					"id": 800,
					"main": "Clear",
					"description": "clear sky",
					"icon": "01d"
				}
			]
		},
		{
			"id": 3621508,
			"name": "Santo Tomas",
			"coord": {
				"lat": 9.98,
				"lon": -84.07
			},
			"main": {
				"temp": 291.9,
				"feels_like": 292.27,
				"temp_min": 291.15,
				"temp_max": 292.59,
				"pressure": 1017,
				"humidity": 82
			},
			"dt": 1605791595,
			"wind": {
				"speed": 2.1,
				"deg": 130
			},
			"sys": {
				"country": "CR"
			},
			"rain": null,
			"snow": null,
			"clouds": {
				"all": 0
			},
			"weather": [
				{
					"id": 800,
					"main": "Clear",
					"description": "clear sky",
					"icon": "01d"
				}
			]
		},
		{
			"id": 3621967,
			"name": "San Antonio",
			"coord": {
				"lat": 9.98,
				"lon": -84.18
			},
			"main": {
				"temp": 291.81,
				"feels_like": 293.07,
				"temp_min": 291.15,
				"temp_max": 292.59,
				"pressure": 1016,
				"humidity": 100
			},
			"dt": 1605791595,
			"wind": {
				"speed": 2.6,
				"deg": 40
			},
			"sys": {
				"country": "CR"
			},
			"rain": null,
			"snow": null,
			"clouds": {
				"all": 0
			},
			"weather": [
				{
					"id": 800,
					"main": "Clear",
					"description": "clear sky",
					"icon": "01d"
				}
			]
		},
		{
			"id": 3623287,
			"name": "La Asunción",
			"coord": {
				"lat": 9.98,
				"lon": -84.17
			},
			"main": {
				"temp": 291.82,
				"feels_like": 292.16,
				"temp_min": 291.15,
				"temp_max": 292.59,
				"pressure": 1017,
				"humidity": 82
			},
			"dt": 1605791286,
			"wind": {
				"speed": 2.1,
				"deg": 130
			},
			"sys": {
				"country": "CR"
			},
			"rain": null,
			"snow": null,
			"clouds": {
				"all": 0
			},
			"weather": [
				{
					"id": 800,
					"main": "Clear",
					"description": "clear sky",
					"icon": "01d"
				}
			]
		},
		{
			"id": 3623846,
			"name": "El Coco",
			"coord": {
				"lat": 9.99,
				"lon": -84.22
			},
			"main": {
				"temp": 291.77,
				"feels_like": 293.01,
				"temp_min": 291.15,
				"temp_max": 292.59,
				"pressure": 1016,
				"humidity": 100
			},
			"dt": 1605791595,
			"wind": {
				"speed": 2.6,
				"deg": 40
			},
			"sys": {
				"country": "CR"
			},
			"rain": null,
			"snow": null,
			"clouds": {
				"all": 0
			},
			"weather": [
				{
					"id": 800,
					"main": "Clear",
					"description": "clear sky",
					"icon": "01d"
				}
			]
		},
		{
			"id": 3623279,
			"name": "La Caja",
			"coord": {
				"lat": 9.97,
				"lon": -84.12
			},
			"main": {
				"temp": 291.88,
				"feels_like": 292.24,
				"temp_min": 291.15,
				"temp_max": 292.59,
				"pressure": 1017,
				"humidity": 82
			},
			"dt": 1605791595,
			"wind": {
				"speed": 2.1,
				"deg": 130
			},
			"sys": {
				"country": "CR"
			},
			"rain": null,
			"snow": null,
			"clouds": {
				"all": 0
			},
			"weather": [
				{
					"id": 800,
					"main": "Clear",
					"description": "clear sky",
					"icon": "01d"
				}
			]
		},
		{
			"id": 3621687,
			"name": "San Rafael",
			"coord": {
				"lat": 9.97,
				"lon": -84.21
			},
			"main": {
				"temp": 291.79,
				"feels_like": 293.04,
				"temp_min": 291.15,
				"temp_max": 292.59,
				"pressure": 1016,
				"humidity": 100
			},
			"dt": 1605791363,
			"wind": {
				"speed": 2.6,
				"deg": 40
			},
			"sys": {
				"country": "CR"
			},
			"rain": null,
			"snow": null,
			"clouds": {
				"all": 0
			},
			"weather": [
				{
					"id": 800,
					"main": "Clear",
					"description": "clear sky",
					"icon": "01d"
				}
			]
		},
		{
			"id": 3621819,
			"name": "San Juan",
			"coord": {
				"lat": 9.96,
				"lon": -84.08
			},
			"main": {
				"temp": 291.92,
				"feels_like": 292.3,
				"temp_min": 291.15,
				"temp_max": 292.59,
				"pressure": 1017,
				"humidity": 82
			},
			"dt": 1605791363,
			"wind": {
				"speed": 2.1,
				"deg": 130
			},
			"sys": {
				"country": "CR"
			},
			"rain": null,
			"snow": null,
			"clouds": {
				"all": 0
			},
			"weather": [
				{
					"id": 800,
					"main": "Clear",
					"description": "clear sky",
					"icon": "01d"
				}
			]
		},
		{
			"id": 3623394,
			"name": "Ipís",
			"coord": {
				"lat": 9.97,
				"lon": -84.01
			},
			"main": {
				"temp": 292.1,
				"feels_like": 292.54,
				"temp_min": 291.48,
				"temp_max": 292.59,
				"pressure": 1017,
				"humidity": 82
			},
			"dt": 1605791363,
			"wind": {
				"speed": 2.1,
				"deg": 130
			},
			"sys": {
				"country": "CR"
			},
			"rain": null,
			"snow": null,
			"clouds": {
				"all": 0
			},
			"weather": [
				{
					"id": 800,
					"main": "Clear",
					"description": "clear sky",
					"icon": "01d"
				}
			]
		},
		{
			"id": 6612154,
			"name": "San Vicente de Moravia",
			"coord": {
				"lat": 9.96,
				"lon": -84.05
			},
			"main": {
				"temp": 291.92,
				"feels_like": 292.3,
				"temp_min": 291.15,
				"temp_max": 292.59,
				"pressure": 1017,
				"humidity": 82
			},
			"dt": 1605791700,
			"wind": {
				"speed": 2.1,
				"deg": 130
			},
			"sys": {
				"country": "CR"
			},
			"rain": null,
			"snow": null,
			"clouds": {
				"all": 0
			},
			"weather": [
				{
					"id": 800,
					"main": "Clear",
					"description": "clear sky",
					"icon": "01d"
				}
			]
		},
		{
			"id": 3621054,
			"name": "Vuelta del Virilla",
			"coord": {
				"lat": 9.96,
				"lon": -84.11
			},
			"main": {
				"temp": 291.9,
				"feels_like": 292.27,
				"temp_min": 291.15,
				"temp_max": 292.59,
				"pressure": 1017,
				"humidity": 82
			},
			"dt": 1605791595,
			"wind": {
				"speed": 2.1,
				"deg": 130
			},
			"sys": {
				"country": "CR"
			},
			"rain": null,
			"snow": null,
			"clouds": {
				"all": 0
			},
			"weather": [
				{
					"id": 800,
					"main": "Clear",
					"description": "clear sky",
					"icon": "01d"
				}
			]
		},
		{
			"id": 3621505,
			"name": "San Vicente",
			"coord": {
				"lat": 9.96,
				"lon": -84.05
			},
			"main": {
				"temp": 291.92,
				"feels_like": 292.3,
				"temp_min": 291.15,
				"temp_max": 292.59,
				"pressure": 1017,
				"humidity": 82
			},
			"dt": 1605791363,
			"wind": {
				"speed": 2.1,
				"deg": 130
			},
			"sys": {
				"country": "CR"
			},
			"rain": null,
			"snow": null,
			"clouds": {
				"all": 0
			},
			"weather": [
				{
					"id": 800,
					"main": "Clear",
					"description": "clear sky",
					"icon": "01d"
				}
			]
		},
		{
			"id": 3622217,
			"name": "Purral",
			"coord": {
				"lat": 9.96,
				"lon": -84.03
			},
			"main": {
				"temp": 291.91,
				"feels_like": 292.28,
				"temp_min": 291.15,
				"temp_max": 292.59,
				"pressure": 1017,
				"humidity": 82
			},
			"dt": 1605791363,
			"wind": {
				"speed": 2.1,
				"deg": 130
			},
			"sys": {
				"country": "CR"
			},
			"rain": null,
			"snow": null,
			"clouds": {
				"all": 0
			},
			"weather": [
				{
					"id": 800,
					"main": "Clear",
					"description": "clear sky",
					"icon": "01d"
				}
			]
		},
		{
			"id": 3624174,
			"name": "Colima",
			"coord": {
				"lat": 9.95,
				"lon": -84.08
			},
			"main": {
				"temp": 291.93,
				"feels_like": 292.31,
				"temp_min": 291.15,
				"temp_max": 292.59,
				"pressure": 1017,
				"humidity": 82
			},
			"dt": 1605791363,
			"wind": {
				"speed": 2.1,
				"deg": 130
			},
			"sys": {
				"country": "CR"
			},
			"rain": null,
			"snow": null,
			"clouds": {
				"all": 0
			},
			"weather": [
				{
					"id": 800,
					"main": "Clear",
					"description": "clear sky",
					"icon": "01d"
				}
			]
		},
		{
			"id": 3624509,
			"name": "Calle Blancos",
			"coord": {
				"lat": 9.95,
				"lon": -84.07
			},
			"main": {
				"temp": 291.93,
				"feels_like": 292.31,
				"temp_min": 291.15,
				"temp_max": 292.59,
				"pressure": 1017,
				"humidity": 82
			},
			"dt": 1605791363,
			"wind": {
				"speed": 2.1,
				"deg": 130
			},
			"sys": {
				"country": "CR"
			},
			"rain": null,
			"snow": null,
			"clouds": {
				"all": 0
			},
			"weather": [
				{
					"id": 800,
					"main": "Clear",
					"description": "clear sky",
					"icon": "01d"
				}
			]
		},
		{
			"id": 3621894,
			"name": "San Gerardo",
			"coord": {
				"lat": 9.95,
				"lon": -84.05
			},
			"main": {
				"temp": 291.93,
				"feels_like": 292.31,
				"temp_min": 291.15,
				"temp_max": 292.59,
				"pressure": 1017,
				"humidity": 82
			},
			"dt": 1605791595,
			"wind": {
				"speed": 2.1,
				"deg": 130
			},
			"sys": {
				"country": "CR"
			},
			"rain": null,
			"snow": null,
			"clouds": {
				"all": 0
			},
			"weather": [
				{
					"id": 800,
					"main": "Clear",
					"description": "clear sky",
					"icon": "01d"
				}
			]
		},
		{
			"id": 3622196,
			"name": "Quebrada Yeguas",
			"coord": {
				"lat": 9.95,
				"lon": -84.15
			},
			"main": {
				"temp": 291.87,
				"feels_like": 292.23,
				"temp_min": 291.15,
				"temp_max": 292.59,
				"pressure": 1017,
				"humidity": 82
			},
			"dt": 1605791595,
			"wind": {
				"speed": 2.1,
				"deg": 130
			},
			"sys": {
				"country": "CR"
			},
			"rain": null,
			"snow": null,
			"clouds": {
				"all": 0
			},
			"weather": [
				{
					"id": 800,
					"main": "Clear",
					"description": "clear sky",
					"icon": "01d"
				}
			]
		},
		{
			"id": 3623601,
			"name": "Guácimo",
			"coord": {
				"lat": 10.21,
				"lon": -83.68
			},
			"main": {
				"temp": 292.07,
				"feels_like": 292.5,
				"temp_min": 291.48,
				"temp_max": 292.59,
				"pressure": 1017,
				"humidity": 82
			},
			"dt": 1605791286,
			"wind": {
				"speed": 2.1,
				"deg": 130
			},
			"sys": {
				"country": "CR"
			},
			"rain": null,
			"snow": null,
			"clouds": {
				"all": 0
			},
			"weather": [
				{
					"id": 800,
					"main": "Clear",
					"description": "clear sky",
					"icon": "01d"
				}
			]
		},
		{
			"id": 3624024,
			"name": "Cristo",
			"coord": {
				"lat": 9.95,
				"lon": -84.03
			},
			"main": {
				"temp": 292.12,
				"feels_like": 292.57,
				"temp_min": 291.48,
				"temp_max": 292.59,
				"pressure": 1017,
				"humidity": 82
			},
			"dt": 1605791595,
			"wind": {
				"speed": 2.1,
				"deg": 130
			},
			"sys": {
				"country": "CR"
			},
			"rain": null,
			"snow": null,
			"clouds": {
				"all": 0
			},
			"weather": [
				{
					"id": 800,
					"main": "Clear",
					"description": "clear sky",
					"icon": "01d"
				}
			]
		},
		{
			"id": 399999,
			"nameboat": "Barberousse",
			"coord": {
				"lat": 21.43,
				"lon": -82.38
			},
			"boat": [
				{
					"id": 809,
					"icon": "https://cdn.icon-icons.com/icons2/951/PNG/512/boat_icon-icons.com_74182.png"
				}
			]
		},
		{
			"id": 399998,
			"nameboat": "Barbe Noire",
			"coord": {
				"lat": 18.48,
				"lon": -77.96
			},
			"boat": [
				{
					"id": 808,
					"icon": "https://cdn.icon-icons.com/icons2/951/PNG/512/boat_icon-icons.com_74182.png"
				}
			]
		},
		{
			"id": 399997,
			"nameboat": "La Buse",
			"coord": {
				"lat": 20.25,
				"lon": -84.28
			},
			"boat": [
				{
					"id": 807,
					"icon": "https://cdn.icon-icons.com/icons2/951/PNG/512/boat_icon-icons.com_74182.png"
				}
			]
		},
		{
			"id": 399996,
			"nameboat": "François l'Olonnais",
			"coord": {
				"lat": 17.84,
				"lon": -87.94
			},
			"boat": [
				{
					"id": 806,
					"icon": "https://cdn.icon-icons.com/icons2/951/PNG/512/boat_icon-icons.com_74182.png"
				}
			]
		},
		{
			"id": 399995,
			"nameboat": "Henry Every",
			"coord": {
				"lat": 17.83,
				"lon": -82.41
			},
			"boat": [
				{
					"id": 805,
					"icon": "https://cdn.icon-icons.com/icons2/951/PNG/512/boat_icon-icons.com_74182.png"
				}
			]
		},
		{
			"id": 399994,
			"nameboat": "Charles Vane",
			"coord": {
				"lat": 22.83,
				"lon": -86.46
			},
			"boat": [
				{
					"id": 804,
					"icon": "https://cdn.icon-icons.com/icons2/951/PNG/512/boat_icon-icons.com_74182.png"
				}
			]
		},
		{
			"id": 399993,
			"nameboat": "Bartholomew Roberts",
			"coord": {
				"lat": 15.46,
				"lon": -62.6
			},
			"boat": [
				{
					"id": 803,
					"icon": "https://cdn.icon-icons.com/icons2/951/PNG/512/boat_icon-icons.com_74182.png"
				}
			]
		},
		{
			"id": 399992,
			"nameboat": "Anne Bonny",
			"coord": {
				"lat": 13.98,
				"lon": -65.72
			},
			"boat": [
				{
					"id": 802,
					"icon": "https://cdn.icon-icons.com/icons2/951/PNG/512/boat_icon-icons.com_74182.png"
				}
			]
		},
		{
			"id": 399991,
			"nameboat": "Amaro Pargo ",
			"coord": {
				"lat": 14.4,
				"lon": -75.77
			},
			"boat": [
				{
					"id": 801,
					"icon": "https://cdn.icon-icons.com/icons2/951/PNG/512/boat_icon-icons.com_74182.png"
				}
			]
		},
		{
			"id": 399990,
			"nameboat": "Alvilda ",
			"coord": {
				"lat": 10.24,
				"lon": -79.54
			},
			"boat": [
				{
					"id": 800,
					"icon": "https://cdn.icon-icons.com/icons2/951/PNG/512/boat_icon-icons.com_74182.png"
				}
			]
		},
		{
			"id": 3622389,
			"nameboat": "William Kidd",
			"coord": {
				"lat": 24.57,
				"lon": -76.84
			},
			"boat": [
				{
					"id": 799,
					"icon": "https://cdn.icon-icons.com/icons2/951/PNG/512/boat_icon-icons.com_74182.png"
				}
			]
		}
	]
}
